
Microsoft Visual Studio Solution File, Format Version 12.00
# Visual Studio Version 17
VisualStudioVersion = 17.14.36401.2 d17.14
MinimumVisualStudioVersion = 10.0.40219.1
Project("{FAE04EC0-301F-11D3-BF4B-00C04F79EFBC}") = "PRODUCT CATALOG-SPA", "PRODUCT CATALOG-SPA\PRODUCT CATALOG-SPA.csproj", "{FB2B38DD-DA3D-4082-A7D0-9671441711CB}"
EndProject
Global
	GlobalSection(SolutionConfigurationPlatforms) = preSolution
		Debug|Any CPU = Debug|Any CPU
		Release|Any CPU = Release|Any CPU
	EndGlobalSection
	GlobalSection(ProjectConfigurationPlatforms) = postSolution
		{FB2B38DD-DA3D-4082-A7D0-9671441711CB}.Debug|Any CPU.ActiveCfg = Debug|Any CPU
		{FB2B38DD-DA3D-4082-A7D0-9671441711CB}.Debug|Any CPU.Build.0 = Debug|Any CPU
		{FB2B38DD-DA3D-4082-A7D0-9671441711CB}.Release|Any CPU.ActiveCfg = Release|Any CPU
		{FB2B38DD-DA3D-4082-A7D0-9671441711CB}.Release|Any CPU.Build.0 = Release|Any CPU
	EndGlobalSection
	GlobalSection(SolutionProperties) = preSolution
		HideSolutionNode = FALSE
	EndGlobalSection
	GlobalSection(ExtensibilityGlobals) = postSolution
		SolutionGuid = {7357D8A6-0365-47BA-B1E5-44ECEB74AD87}
	EndGlobalSection
EndGlobal
